// !$*UTF8*$!
{
	archiveVersion = 1;
	classes = {
	};
	objectVersion = 50;
	objects = {

/* Begin PBXBuildFile section */
		C52EA62C27D092BF00A42AAE /* AppDelegate.swift in Sources */ = {isa = PBXBuildFile; fileRef = C52EA62B27D092BF00A42AAE /* AppDelegate.swift */; };
		C52EA62E27D092BF00A42AAE /* SceneDelegate.swift in Sources */ = {isa = PBXBuildFile; fileRef = C52EA62D27D092BF00A42AAE /* SceneDelegate.swift */; };
		C52EA63027D092BF00A42AAE /* ViewController.swift in Sources */ = {isa = PBXBuildFile; fileRef = C52EA62F27D092BF00A42AAE /* ViewController.swift */; };
		C52EA63327D092BF00A42AAE /* Main.storyboard in Resources */ = {isa = PBXBuildFile; fileRef = C52EA63127D092BF00A42AAE /* Main.storyboard */; };
		C52EA63627D092BF00A42AAE /* GRIDLE.xcdatamodeld in Sources */ = {isa = PBXBuildFile; fileRef = C52EA63427D092BF00A42AAE /* GRIDLE.xcdatamodeld */; };
		C52EA63827D092C100A42AAE /* Assets.xcassets in Resources */ = {isa = PBXBuildFile; fileRef = C52EA63727D092C100A42AAE /* Assets.xcassets */; };
		C52EA63B27D092C100A42AAE /* LaunchScreen.storyboard in Resources */ = {isa = PBXBuildFile; fileRef = C52EA63927D092C100A42AAE /* LaunchScreen.storyboard */; };
/* End PBXBuildFile section */

/* Begin PBXFileReference section */
		C52EA62827D092BF00A42AAE /* GRIDLE.app */ = {isa = PBXFileReference; explicitFileType = wrapper.application; includeInIndex = 0; path = GRIDLE.app; sourceTree = BUILT_PRODUCTS_DIR; };
		C52EA62B27D092BF00A42AAE /* AppDelegate.swift */ = {isa = PBXFileReference; lastKnownFileType = sourcecode.swift; path = AppDelegate.swift; sourceTree = "<group>"; };
		C52EA62D27D092BF00A42AAE /* SceneDelegate.swift */ = {isa = PBXFileReference; lastKnownFileType = sourcecode.swift; path = SceneDelegate.swift; sourceTree = "<group>"; };
		C52EA62F27D092BF00A42AAE /* ViewController.swift */ = {isa = PBXFileReference; lastKnownFileType = sourcecode.swift; path = ViewController.swift; sourceTree = "<group>"; };
		C52EA63227D092BF00A42AAE /* Base */ = {isa = PBXFileReference; lastKnownFileType = file.storyboard; name = Base; path = Base.lproj/Main.storyboard; sourceTree = "<group>"; };
		C52EA63527D092BF00A42AAE /* GRIDLE.xcdatamodel */ = {isa = PBXFileReference; lastKnownFileType = wrapper.xcdatamodel; path = GRIDLE.xcdatamodel; sourceTree = "<group>"; };
		C52EA63727D092C100A42AAE /* Assets.xcassets */ = {isa = PBXFileReference; lastKnownFileType = folder.assetcatalog; path = Assets.xcassets; sourceTree = "<group>"; };
		C52EA63A27D092C100A42AAE /* Base */ = {isa = PBXFileReference; lastKnownFileType = file.storyboard; name = Base; path = Base.lproj/LaunchScreen.storyboard; sourceTree = "<group>"; };
		C52EA63C27D092C100A42AAE /* Info.plist */ = {isa = PBXFileReference; lastKnownFileType = text.plist.xml; path = Info.plist; sourceTree = "<group>"; };
/* End PBXFileReference section */

/* Begin PBXFrameworksBuildPhase section */
		C52EA62527D092BF00A42AAE /* Frameworks */ = {
			isa = PBXFrameworksBuildPhase;
			buildActionMask = 2147483647;
			files = (
			);
			runOnlyForDeploymentPostprocessing = 0;
		};
/* End PBXFrameworksBuildPhase section */

/* Begin PBXGroup section */
		C52EA61F27D092BF00A42AAE = {
			isa = PBXGroup;
			children = (
				C52EA62A27D092BF00A42AAE /* GRIDLE */,
				C52EA62927D092BF00A42AAE /* Products */,
			);
			sourceTree = "<group>";
		};
		C52EA62927D092BF00A42AAE /* Products */ = {
			isa = PBXGroup;
			children = (
				C52EA62827D092BF00A42AAE /* GRIDLE.app */,
			);
			name = Products;
			sourceTree = "<group>";
		};
		C52EA62A27D092BF00A42AAE /* GRIDLE */ = {
			isa = PBXGroup;
			children = (
				C52EA62B27D092BF00A42AAE /* AppDelegate.swift */,
				C52EA62D27D092BF00A42AAE /* SceneDelegate.swift */,
				C52EA62F27D092BF00A42AAE /* ViewController.swift */,
				C52EA63127D092BF00A42AAE /* Main.storyboard */,
				C52EA63727D092C100A42AAE /* Assets.xcassets */,
				C52EA63927D092C100A42AAE /* LaunchScreen.storyboard */,
				C52EA63C27D092C100A42AAE /* Info.plist */,
				C52EA63427D092BF00A42AAE /* GRIDLE.xcdatamodeld */,
			);
			path = GRIDLE;
			sourceTree = "<group>";
		};
/* End PBXGroup section */

/* Begin PBXNativeTarget section */
		C52EA62727D092BF00A42AAE /* GRIDLE */ = {
			isa = PBXNativeTarget;
			buildConfigurationList = C52EA63F27D092C100A42AAE /* Build configuration list for PBXNativeTarget "GRIDLE" */;
			buildPhases = (
				C52EA62427D092BF00A42AAE /* Sources */,
				C52EA62527D092BF00A42AAE /* Frameworks */,
				C52EA62627D092BF00A42AAE /* Resources */,
			);
			buildRules = (
			);
			dependencies = (
			);
			name = GRIDLE;
			productName = GRIDLE;
			productReference = C52EA62827D092BF00A42AAE /* GRIDLE.app */;
			productType = "com.apple.product-type.application";
		};
/* End PBXNativeTarget section */

/* Begin PBXProject section */
		C52EA62027D092BF00A42AAE /* Project object */ = {
			isa = PBXProject;
			attributes = {
				LastSwiftUpdateCheck = 1250;
				LastUpgradeCheck = 1250;
				TargetAttributes = {
					C52EA62727D092BF00A42AAE = {
						CreatedOnToolsVersion = 12.5.1;
					};
				};
			};
			buildConfigurationList = C52EA62327D092BF00A42AAE /* Build configuration list for PBXProject "GRIDLE" */;
			compatibilityVersion = "Xcode 9.3";
			developmentRegion = en;
			hasScannedForEncodings = 0;
			knownRegions = (
				en,
				Base,
			);
			mainGroup = C52EA61F27D092BF00A42AAE;
			productRefGroup = C52EA62927D092BF00A42AAE /* Products */;
			projectDirPath = "";
			projectRoot = "";
			targets = (
				C52EA62727D092BF00A42AAE /* GRIDLE */,
			);
		};
/* End PBXProject section */

/* Begin PBXResourcesBuildPhase section */
		C52EA62627D092BF00A42AAE /* Resources */ = {
			isa = PBXResourcesBuildPhase;
			buildActionMask = 2147483647;
			files = (
				C52EA63B27D092C100A42AAE /* LaunchScreen.storyboard in Resources */,
				C52EA63827D092C100A42AAE /* Assets.xcassets in Resources */,
				C52EA63327D092BF00A42AAE /* Main.storyboard in Resources */,
			);
			runOnlyForDeploymentPostprocessing = 0;
		};
/* End PBXResourcesBuildPhase section */

/* Begin PBXSourcesBuildPhase section */
		C52EA62427D092BF00A42AAE /* Sources */ = {
			isa = PBXSourcesBuildPhase;
			buildActionMask = 2147483647;
			files = (
				C52EA63027D092BF00A42AAE /* ViewController.swift in Sources */,
				C52EA62C27D092BF00A42AAE /* AppDelegate.swift in Sources */,
				C52EA63627D092BF00A42AAE /* GRIDLE.xcdatamodeld in Sources */,
				C52EA62E27D092BF00A42AAE /* SceneDelegate.swift in Sources */,
			);
			runOnlyForDeploymentPostprocessing = 0;
		};
/* End PBXSourcesBuildPhase section */

/* Begin PBXVariantGroup section */
		C52EA63127D092BF00A42AAE /* Main.storyboard */ = {
			isa = PBXVariantGroup;
			children = (
				C52EA63227D092BF00A42AAE /* Base */,
			);
			name = Main.storyboard;
			sourceTree = "<group>";
		};
		C52EA63927D092C100A42AAE /* LaunchScreen.storyboard */ = {
			isa = PBXVariantGroup;
			children = (
				C52EA63A27D092C100A42AAE /* Base */,
			);
			name = LaunchScreen.storyboard;
			sourceTree = "<group>";
		};
/* End PBXVariantGroup section */

/* Begin XCBuildConfiguration section */
		C52EA63D27D092C100A42AAE /* Debug */ = {
			isa = XCBuildConfiguration;
			buildSettings = {
				ALWAYS_SEARCH_USER_PATHS = NO;
				CLANG_ANALYZER_NONNULL = YES;
				CLANG_ANALYZER_NUMBER_OBJECT_CONVERSION = YES_AGGRESSIVE;
				CLANG_CXX_LANGUAGE_STANDARD = "gnu++14";
				CLANG_CXX_LIBRARY = "libc++";
				CLANG_ENABLE_MODULES = YES;
				CLANG_ENABLE_OBJC_ARC = YES;
				CLANG_ENABLE_OBJC_WEAK = YES;
				CLANG_WARN_BLOCK_CAPTURE_AUTORELEASING = YES;
				CLANG_WARN_BOOL_CONVERSION = YES;
				CLANG_WARN_COMMA = YES;
				CLANG_WARN_CONSTANT_CONVERSION = YES;
				CLANG_WARN_DEPRECATED_OBJC_IMPLEMENTATIONS = YES;
				CLANG_WARN_DIRECT_OBJC_ISA_USAGE = YES_ERROR;
				CLANG_WARN_DOCUMENTATION_COMMENTS = YES;
				CLANG_WARN_EMPTY_BODY = YES;
				CLANG_WARN_ENUM_CONVERSION = YES;
				CLANG_WARN_INFINITE_RECURSION = YES;
				CLANG_WARN_INT_CONVERSION = YES;
				CLANG_WARN_NON_LITERAL_NULL_CONVERSION = YES;
				CLANG_WARN_OBJC_IMPLICIT_RETAIN_SELF = YES;
				CLANG_WARN_OBJC_LITERAL_CONVERSION = YES;
				CLANG_WARN_OBJC_ROOT_CLASS = YES_ERROR;
				CLANG_WARN_QUOTED_INCLUDE_IN_FRAMEWORK_HEADER = YES;
				CLANG_WARN_RANGE_LOOP_ANALYSIS = YES;
				CLANG_WARN_STRICT_PROTOTYPES = YES;
				CLANG_WARN_SUSPICIOUS_MOVE = YES;
				CLANG_WARN_UNGUARDED_AVAILABILITY = YES_AGGRESSIVE;
				CLANG_WARN_UNREACHABLE_CODE = YES;
				CLANG_WARN__DUPLICATE_METHOD_MATCH = YES;
				COPY_PHASE_STRIP = NO;
				DEBUG_INFORMATION_FORMAT = dwarf;
				ENABLE_STRICT_OBJC_MSGSEND = YES;
				ENABLE_TESTABILITY = YES;
				GCC_C_LANGUAGE_STANDARD = gnu11;
				GCC_DYNAMIC_NO_PIC = NO;
				GCC_NO_COMMON_BLOCKS = YES;
				GCC_OPTIMIZATION_LEVEL = 0;
				GCC_PREPROCESSOR_DEFINITIONS = (
					"DEBUG=1",
					"$(inherited)",
				);
				GCC_WARN_64_TO_32_BIT_CONVERSION = YES;
				GCC_WARN_ABOUT_RETURN_TYPE = YES_ERROR;
				GCC_WARN_UNDECLARED_SELECTOR = YES;
				GCC_WARN_UNINITIALIZED_AUTOS = YES_AGGRESSIVE;
				GCC_WARN_UNUSED_FUNCTION = YES;
				GCC_WARN_UNUSED_VARIABLE = YES;
				IPHONEOS_DEPLOYMENT_TARGET = 14.5;
				MTL_ENABLE_DEBUG_INFO = INCLUDE_SOURCE;
				MTL_FAST_MATH = YES;
				ONLY_ACTIVE_ARCH = YES;
				SDKROOT = iphoneos;
				SWIFT_ACTIVE_COMPILATION_CONDITIONS = DEBUG;
				SWIFT_OPTIMIZATION_LEVEL = "-Onone";
			};
			name = Debug;
		};
		C52EA63E27D092C100A42AAE /* Release */ = {
			isa = XCBuildConfiguration;
			buildSettings = {
				ALWAYS_SEARCH_USER_PATHS = NO;
				CLANG_ANALYZER_NONNULL = YES;
				CLANG_ANALYZER_NUMBER_OBJECT_CONVERSION = YES_AGGRESSIVE;
				CLANG_CXX_LANGUAGE_STANDARD = "gnu++14";
				CLANG_CXX_LIBRARY = "libc++";
				CLANG_ENABLE_MODULES = YES;
				CLANG_ENABLE_OBJC_ARC = YES;
				CLANG_ENABLE_OBJC_WEAK = YES;
				CLANG_WARN_BLOCK_CAPTURE_AUTORELEASING = YES;
				CLANG_WARN_BOOL_CONVERSION = YES;
				CLANG_WARN_COMMA = YES;
				CLANG_WARN_CONSTANT_CONVERSION = YES;
				CLANG_WARN_DEPRECATED_OBJC_IMPLEMENTATIONS = YES;
				CLANG_WARN_DIRECT_OBJC_ISA_USAGE = YES_ERROR;
				CLANG_WARN_DOCUMENTATION_COMMENTS = YES;
				CLANG_WARN_EMPTY_BODY = YES;
				CLANG_WARN_ENUM_CONVERSION = YES;
				CLANG_WARN_INFINITE_RECURSION = YES;
				CLANG_WARN_INT_CONVERSION = YES;
				CLANG_WARN_NON_LITERAL_NULL_CONVERSION = YES;
				CLANG_WARN_OBJC_IMPLICIT_RETAIN_SELF = YES;
				CLANG_WARN_OBJC_LITERAL_CONVERSION = YES;
				CLANG_WARN_OBJC_ROOT_CLASS = YES_ERROR;
				CLANG_WARN_QUOTED_INCLUDE_IN_FRAMEWORK_HEADER = YES;
				CLANG_WARN_RANGE_LOOP_ANALYSIS = YES;
				CLANG_WARN_STRICT_PROTOTYPES = YES;
				CLANG_WARN_SUSPICIOUS_MOVE = YES;
				CLANG_WARN_UNGUARDED_AVAILABILITY = YES_AGGRESSIVE;
				CLANG_WARN_UNREACHABLE_CODE = YES;
				CLANG_WARN__DUPLICATE_METHOD_MATCH = YES;
				COPY_PHASE_STRIP = NO;
				DEBUG_INFORMATION_FORMAT = "dwarf-with-dsym";
				ENABLE_NS_ASSERTIONS = NO;
				ENABLE_STRICT_OBJC_MSGSEND = YES;
				GCC_C_LANGUAGE_STANDARD = gnu11;
				GCC_NO_COMMON_BLOCKS = YES;
				GCC_WARN_64_TO_32_BIT_CONVERSION = YES;
				GCC_WARN_ABOUT_RETURN_TYPE = YES_ERROR;
				GCC_WARN_UNDECLARED_SELECTOR = YES;
				GCC_WARN_UNINITIALIZED_AUTOS = YES_AGGRESSIVE;
				GCC_WARN_UNUSED_FUNCTION = YES;
				GCC_WARN_UNUSED_VARIABLE = YES;
				IPHONEOS_DEPLOYMENT_TARGET = 14.5;
				MTL_ENABLE_DEBUG_INFO = NO;
				MTL_FAST_MATH = YES;
				SDKROOT = iphoneos;
				SWIFT_COMPILATION_MODE = wholemodule;
				SWIFT_OPTIMIZATION_LEVEL = "-O";
				VALIDATE_PRODUCT = YES;
			};
			name = Release;
		};
		C52EA64027D092C100A42AAE /* Debug */ = {
			isa = XCBuildConfiguration;
			buildSettings = {
				ASSETCATALOG_COMPILER_APPICON_NAME = AppIcon;
				ASSETCATALOG_COMPILER_GLOBAL_ACCENT_COLOR_NAME = AccentColor;
				CODE_SIGN_STYLE = Automatic;
				DEVELOPMENT_TEAM = 4GM69J98Q2;
				INFOPLIST_FILE = GRIDLE/Info.plist;
				LD_RUNPATH_SEARCH_PATHS = (
					"$(inherited)",
					"@executable_path/Frameworks",
				);
				PRODUCT_BUNDLE_IDENTIFIER = "Chun-Long-Fong.GRIDLE";
				PRODUCT_NAME = "$(TARGET_NAME)";
				SWIFT_VERSION = 5.0;
				TARGETED_DEVICE_FAMILY = "1,2";
			};
			name = Debug;
		};
		C52EA64127D092C100A42AAE /* Release */ = {
			isa = XCBuildConfiguration;
			buildSettings = {
				ASSETCATALOG_COMPILER_APPICON_NAME = AppIcon;
				ASSETCATALOG_COMPILER_GLOBAL_ACCENT_COLOR_NAME = AccentColor;
				CODE_SIGN_STYLE = Automatic;
				DEVELOPMENT_TEAM = 4GM69J98Q2;
				INFOPLIST_FILE = GRIDLE/Info.plist;
				LD_RUNPATH_SEARCH_PATHS = (
					"$(inherited)",
					"@executable_path/Frameworks",
				);
				PRODUCT_BUNDLE_IDENTIFIER = "Chun-Long-Fong.GRIDLE";
				PRODUCT_NAME = "$(TARGET_NAME)";
				SWIFT_VERSION = 5.0;
				TARGETED_DEVICE_FAMILY = "1,2";
			};
			name = Release;
		};
/* End XCBuildConfiguration section */

/* Begin XCConfigurationList section */
		C52EA62327D092BF00A42AAE /* Build configuration list for PBXProject "GRIDLE" */ = {
			isa = XCConfigurationList;
			buildConfigurations = (
				C52EA63D27D092C100A42AAE /* Debug */,
				C52EA63E27D092C100A42AAE /* Release */,
			);
			defaultConfigurationIsVisible = 0;
			defaultConfigurationName = Release;
		};
		C52EA63F27D092C100A42AAE /* Build configuration list for PBXNativeTarget "GRIDLE" */ = {
			isa = XCConfigurationList;
			buildConfigurations = (
				C52EA64027D092C100A42AAE /* Debug */,
				C52EA64127D092C100A42AAE /* Release */,
			);
			defaultConfigurationIsVisible = 0;
			defaultConfigurationName = Release;
		};
/* End XCConfigurationList section */

/* Begin XCVersionGroup section */
		C52EA63427D092BF00A42AAE /* GRIDLE.xcdatamodeld */ = {
			isa = XCVersionGroup;
			children = (
				C52EA63527D092BF00A42AAE /* GRIDLE.xcdatamodel */,
			);
			currentVersion = C52EA63527D092BF00A42AAE /* GRIDLE.xcdatamodel */;
			path = GRIDLE.xcdatamodeld;
			sourceTree = "<group>";
			versionGroupType = wrapper.xcdatamodel;
		};
/* End XCVersionGroup section */
	};
	rootObject = C52EA62027D092BF00A42AAE /* Project object */;
}
